<?xml version="1.0" encoding="UTF-8"?>
<CodeBlocks_project_file>
	<FileVersion major="1" minor="6"/>
	<Project>
		<Option title="bvd_agent_based_model"/>
		<Option makefile_is_custom="1"/>
		<Option compiler="gcc"/>
		<Option virtualFolders="CMake Files\;"/>
		<Build>
			<Target title="all">
				<Option working_dir="/home/stavrogin/Documents/TU_Berlin/Group_material/BVD_project/BVD_AB_model/bvd_agent_based_model"/>
				<Option type="4"/>
				<MakeCommands>
					<Build command="/usr/bin/make -j4 -f &quot;/home/stavrogin/Documents/TU_Berlin/Group_material/BVD_project/BVD_AB_model/bvd_agent_based_model/Makefile&quot;  VERBOSE=1 all"/>
					<CompileFile command="/usr/bin/make -j4 -f &quot;/home/stavrogin/Documents/TU_Berlin/Group_material/BVD_project/BVD_AB_model/bvd_agent_based_model/Makefile&quot;  VERBOSE=1 &quot;$file&quot;"/>
					<Clean command="/usr/bin/make -j4 -f &quot;/home/stavrogin/Documents/TU_Berlin/Group_material/BVD_project/BVD_AB_model/bvd_agent_based_model/Makefile&quot;  VERBOSE=1 clean"/>
					<DistClean command="/usr/bin/make -j4 -f &quot;/home/stavrogin/Documents/TU_Berlin/Group_material/BVD_project/BVD_AB_model/bvd_agent_based_model/Makefile&quot;  VERBOSE=1 clean"/>
				</MakeCommands>
			</Target>
			<Target title="rebuild_cache">
				<Option working_dir="/home/stavrogin/Documents/TU_Berlin/Group_material/BVD_project/BVD_AB_model/bvd_agent_based_model"/>
				<Option type="4"/>
				<MakeCommands>
					<Build command="/usr/bin/make -j4 -f &quot;/home/stavrogin/Documents/TU_Berlin/Group_material/BVD_project/BVD_AB_model/bvd_agent_based_model/Makefile&quot;  VERBOSE=1 rebuild_cache"/>
					<CompileFile command="/usr/bin/make -j4 -f &quot;/home/stavrogin/Documents/TU_Berlin/Group_material/BVD_project/BVD_AB_model/bvd_agent_based_model/Makefile&quot;  VERBOSE=1 &quot;$file&quot;"/>
					<Clean command="/usr/bin/make -j4 -f &quot;/home/stavrogin/Documents/TU_Berlin/Group_material/BVD_project/BVD_AB_model/bvd_agent_based_model/Makefile&quot;  VERBOSE=1 clean"/>
					<DistClean command="/usr/bin/make -j4 -f &quot;/home/stavrogin/Documents/TU_Berlin/Group_material/BVD_project/BVD_AB_model/bvd_agent_based_model/Makefile&quot;  VERBOSE=1 clean"/>
				</MakeCommands>
			</Target>
			<Target title="bvd_agent_based_model">
				<Option output="/home/stavrogin/Documents/TU_Berlin/Group_material/BVD_project/BVD_AB_model/build/bvd_agent_based_model" prefix_auto="0" extension_auto="0"/>
				<Option working_dir="/home/stavrogin/Documents/TU_Berlin/Group_material/BVD_project/BVD_AB_model/build"/>
				<Option object_output="./"/>
				<Option type="1"/>
				<Option compiler="gcc"/>
				<Compiler>
					<Add directory="/home/stavrogin/Documents/TU_Berlin/Group_material/BVD_project/BVD_AB_model/bvd_agent_based_model/include"/>
					<Add directory="/usr/include/hdf5/serial"/>
					<Add directory="/home/stavrogin/Documents/TU_Berlin/Group_material/BVD_project/BVD_AB_model/bvd_agent_based_model/projectImports/inih/cpp"/>
					<Add directory="/home/stavrogin/Documents/TU_Berlin/Group_material/BVD_project/BVD_AB_model/bvd_agent_based_model/."/>
					<Add directory="/usr/include/c++/7"/>
					<Add directory="/usr/include/x86_64-linux-gnu/c++/7"/>
					<Add directory="/usr/include/c++/7/backward"/>
					<Add directory="/usr/lib/gcc/x86_64-linux-gnu/7/include"/>
					<Add directory="/usr/local/include"/>
					<Add directory="/usr/lib/gcc/x86_64-linux-gnu/7/include-fixed"/>
					<Add directory="/usr/include/x86_64-linux-gnu"/>
					<Add directory="/usr/include"/>
				</Compiler>
				<MakeCommands>
					<Build command="/usr/bin/make -j4 -f &quot;/home/stavrogin/Documents/TU_Berlin/Group_material/BVD_project/BVD_AB_model/bvd_agent_based_model/Makefile&quot;  VERBOSE=1 bvd_agent_based_model"/>
					<CompileFile command="/usr/bin/make -j4 -f &quot;/home/stavrogin/Documents/TU_Berlin/Group_material/BVD_project/BVD_AB_model/bvd_agent_based_model/Makefile&quot;  VERBOSE=1 &quot;$file&quot;"/>
					<Clean command="/usr/bin/make -j4 -f &quot;/home/stavrogin/Documents/TU_Berlin/Group_material/BVD_project/BVD_AB_model/bvd_agent_based_model/Makefile&quot;  VERBOSE=1 clean"/>
					<DistClean command="/usr/bin/make -j4 -f &quot;/home/stavrogin/Documents/TU_Berlin/Group_material/BVD_project/BVD_AB_model/bvd_agent_based_model/Makefile&quot;  VERBOSE=1 clean"/>
				</MakeCommands>
			</Target>
			<Target title="bvd_agent_based_model/fast">
				<Option output="/home/stavrogin/Documents/TU_Berlin/Group_material/BVD_project/BVD_AB_model/build/bvd_agent_based_model" prefix_auto="0" extension_auto="0"/>
				<Option working_dir="/home/stavrogin/Documents/TU_Berlin/Group_material/BVD_project/BVD_AB_model/build"/>
				<Option object_output="./"/>
				<Option type="1"/>
				<Option compiler="gcc"/>
				<Compiler>
					<Add directory="/home/stavrogin/Documents/TU_Berlin/Group_material/BVD_project/BVD_AB_model/bvd_agent_based_model/include"/>
					<Add directory="/usr/include/hdf5/serial"/>
					<Add directory="/home/stavrogin/Documents/TU_Berlin/Group_material/BVD_project/BVD_AB_model/bvd_agent_based_model/projectImports/inih/cpp"/>
					<Add directory="/home/stavrogin/Documents/TU_Berlin/Group_material/BVD_project/BVD_AB_model/bvd_agent_based_model/."/>
					<Add directory="/usr/include/c++/7"/>
					<Add directory="/usr/include/x86_64-linux-gnu/c++/7"/>
					<Add directory="/usr/include/c++/7/backward"/>
					<Add directory="/usr/lib/gcc/x86_64-linux-gnu/7/include"/>
					<Add directory="/usr/local/include"/>
					<Add directory="/usr/lib/gcc/x86_64-linux-gnu/7/include-fixed"/>
					<Add directory="/usr/include/x86_64-linux-gnu"/>
					<Add directory="/usr/include"/>
				</Compiler>
				<MakeCommands>
					<Build command="/usr/bin/make -j4 -f &quot;/home/stavrogin/Documents/TU_Berlin/Group_material/BVD_project/BVD_AB_model/bvd_agent_based_model/Makefile&quot;  VERBOSE=1 bvd_agent_based_model/fast"/>
					<CompileFile command="/usr/bin/make -j4 -f &quot;/home/stavrogin/Documents/TU_Berlin/Group_material/BVD_project/BVD_AB_model/bvd_agent_based_model/Makefile&quot;  VERBOSE=1 &quot;$file&quot;"/>
					<Clean command="/usr/bin/make -j4 -f &quot;/home/stavrogin/Documents/TU_Berlin/Group_material/BVD_project/BVD_AB_model/bvd_agent_based_model/Makefile&quot;  VERBOSE=1 clean"/>
					<DistClean command="/usr/bin/make -j4 -f &quot;/home/stavrogin/Documents/TU_Berlin/Group_material/BVD_project/BVD_AB_model/bvd_agent_based_model/Makefile&quot;  VERBOSE=1 clean"/>
				</MakeCommands>
			</Target>
			<Target title="edit_cache">
				<Option working_dir="/home/stavrogin/Documents/TU_Berlin/Group_material/BVD_project/BVD_AB_model/bvd_agent_based_model"/>
				<Option type="4"/>
				<MakeCommands>
					<Build command="/usr/bin/make -j4 -f &quot;/home/stavrogin/Documents/TU_Berlin/Group_material/BVD_project/BVD_AB_model/bvd_agent_based_model/Makefile&quot;  VERBOSE=1 edit_cache"/>
					<CompileFile command="/usr/bin/make -j4 -f &quot;/home/stavrogin/Documents/TU_Berlin/Group_material/BVD_project/BVD_AB_model/bvd_agent_based_model/Makefile&quot;  VERBOSE=1 &quot;$file&quot;"/>
					<Clean command="/usr/bin/make -j4 -f &quot;/home/stavrogin/Documents/TU_Berlin/Group_material/BVD_project/BVD_AB_model/bvd_agent_based_model/Makefile&quot;  VERBOSE=1 clean"/>
					<DistClean command="/usr/bin/make -j4 -f &quot;/home/stavrogin/Documents/TU_Berlin/Group_material/BVD_project/BVD_AB_model/bvd_agent_based_model/Makefile&quot;  VERBOSE=1 clean"/>
				</MakeCommands>
			</Target>
		</Build>
		<Unit filename="/home/stavrogin/Documents/TU_Berlin/Group_material/BVD_project/BVD_AB_model/bvd_agent_based_model/include/AdvancedOutput.h">
			<Option target="bvd_agent_based_model"/>
		</Unit>
		<Unit filename="/home/stavrogin/Documents/TU_Berlin/Group_material/BVD_project/BVD_AB_model/bvd_agent_based_model/include/BVDContainmentStrategy.h">
			<Option target="bvd_agent_based_model"/>
		</Unit>
		<Unit filename="/home/stavrogin/Documents/TU_Berlin/Group_material/BVD_project/BVD_AB_model/bvd_agent_based_model/include/BVDOptions.h">
			<Option target="bvd_agent_based_model"/>
		</Unit>
		<Unit filename="/home/stavrogin/Documents/TU_Berlin/Group_material/BVD_project/BVD_AB_model/bvd_agent_based_model/include/BVDSettings.h">
			<Option target="bvd_agent_based_model"/>
		</Unit>
		<Unit filename="/home/stavrogin/Documents/TU_Berlin/Group_material/BVD_project/BVD_AB_model/bvd_agent_based_model/include/BVD_Random_Number_Generator.h">
			<Option target="bvd_agent_based_model"/>
		</Unit>
		<Unit filename="/home/stavrogin/Documents/TU_Berlin/Group_material/BVD_project/BVD_AB_model/bvd_agent_based_model/include/CSVFileHandler.h">
			<Option target="bvd_agent_based_model"/>
		</Unit>
		<Unit filename="/home/stavrogin/Documents/TU_Berlin/Group_material/BVD_project/BVD_AB_model/bvd_agent_based_model/include/CSV_Reader.h">
			<Option target="bvd_agent_based_model"/>
		</Unit>
		<Unit filename="/home/stavrogin/Documents/TU_Berlin/Group_material/BVD_project/BVD_AB_model/bvd_agent_based_model/include/CommandlineOptions.h">
			<Option target="bvd_agent_based_model"/>
		</Unit>
		<Unit filename="/home/stavrogin/Documents/TU_Berlin/Group_material/BVD_project/BVD_AB_model/bvd_agent_based_model/include/Cow.h">
			<Option target="bvd_agent_based_model"/>
		</Unit>
		<Unit filename="/home/stavrogin/Documents/TU_Berlin/Group_material/BVD_project/BVD_AB_model/bvd_agent_based_model/include/CowWellFarm.h">
			<Option target="bvd_agent_based_model"/>
		</Unit>
		<Unit filename="/home/stavrogin/Documents/TU_Berlin/Group_material/BVD_project/BVD_AB_model/bvd_agent_based_model/include/CowWellFarmManager.h">
			<Option target="bvd_agent_based_model"/>
		</Unit>
		<Unit filename="/home/stavrogin/Documents/TU_Berlin/Group_material/BVD_project/BVD_AB_model/bvd_agent_based_model/include/Events.h">
			<Option target="bvd_agent_based_model"/>
		</Unit>
		<Unit filename="/home/stavrogin/Documents/TU_Berlin/Group_material/BVD_project/BVD_AB_model/bvd_agent_based_model/include/Farm.h">
			<Option target="bvd_agent_based_model"/>
		</Unit>
		<Unit filename="/home/stavrogin/Documents/TU_Berlin/Group_material/BVD_project/BVD_AB_model/bvd_agent_based_model/include/FarmManager.h">
			<Option target="bvd_agent_based_model"/>
		</Unit>
		<Unit filename="/home/stavrogin/Documents/TU_Berlin/Group_material/BVD_project/BVD_AB_model/bvd_agent_based_model/include/FileHandler.h">
			<Option target="bvd_agent_based_model"/>
		</Unit>
		<Unit filename="/home/stavrogin/Documents/TU_Berlin/Group_material/BVD_project/BVD_AB_model/bvd_agent_based_model/include/HDF5Handler.h">
			<Option target="bvd_agent_based_model"/>
		</Unit>
		<Unit filename="/home/stavrogin/Documents/TU_Berlin/Group_material/BVD_project/BVD_AB_model/bvd_agent_based_model/include/Herd.h">
			<Option target="bvd_agent_based_model"/>
		</Unit>
		<Unit filename="/home/stavrogin/Documents/TU_Berlin/Group_material/BVD_project/BVD_AB_model/bvd_agent_based_model/include/Initializer.h">
			<Option target="bvd_agent_based_model"/>
		</Unit>
		<Unit filename="/home/stavrogin/Documents/TU_Berlin/Group_material/BVD_project/BVD_AB_model/bvd_agent_based_model/include/Market.h">
			<Option target="bvd_agent_based_model"/>
		</Unit>
		<Unit filename="/home/stavrogin/Documents/TU_Berlin/Group_material/BVD_project/BVD_AB_model/bvd_agent_based_model/include/Model_Constants.h">
			<Option target="bvd_agent_based_model"/>
		</Unit>
		<Unit filename="/home/stavrogin/Documents/TU_Berlin/Group_material/BVD_project/BVD_AB_model/bvd_agent_based_model/include/Output.h">
			<Option target="bvd_agent_based_model"/>
		</Unit>
		<Unit filename="/home/stavrogin/Documents/TU_Berlin/Group_material/BVD_project/BVD_AB_model/bvd_agent_based_model/include/OutputTable.h">
			<Option target="bvd_agent_based_model"/>
		</Unit>
		<Unit filename="/home/stavrogin/Documents/TU_Berlin/Group_material/BVD_project/BVD_AB_model/bvd_agent_based_model/include/SQLiteHandler.h">
			<Option target="bvd_agent_based_model"/>
		</Unit>
		<Unit filename="/home/stavrogin/Documents/TU_Berlin/Group_material/BVD_project/BVD_AB_model/bvd_agent_based_model/include/SimpleFarmManager.h">
			<Option target="bvd_agent_based_model"/>
		</Unit>
		<Unit filename="/home/stavrogin/Documents/TU_Berlin/Group_material/BVD_project/BVD_AB_model/bvd_agent_based_model/include/Simple_One_Herd_Farm.h">
			<Option target="bvd_agent_based_model"/>
		</Unit>
		<Unit filename="/home/stavrogin/Documents/TU_Berlin/Group_material/BVD_project/BVD_AB_model/bvd_agent_based_model/include/SlaughterHouseManager.h">
			<Option target="bvd_agent_based_model"/>
		</Unit>
		<Unit filename="/home/stavrogin/Documents/TU_Berlin/Group_material/BVD_project/BVD_AB_model/bvd_agent_based_model/include/Slaughterhouse.h">
			<Option target="bvd_agent_based_model"/>
		</Unit>
		<Unit filename="/home/stavrogin/Documents/TU_Berlin/Group_material/BVD_project/BVD_AB_model/bvd_agent_based_model/include/SmallFarmManager.h">
			<Option target="bvd_agent_based_model"/>
		</Unit>
		<Unit filename="/home/stavrogin/Documents/TU_Berlin/Group_material/BVD_project/BVD_AB_model/bvd_agent_based_model/include/Small_One_Herd_Farm.h">
			<Option target="bvd_agent_based_model"/>
		</Unit>
		<Unit filename="/home/stavrogin/Documents/TU_Berlin/Group_material/BVD_project/BVD_AB_model/bvd_agent_based_model/include/System.h">
			<Option target="bvd_agent_based_model"/>
		</Unit>
		<Unit filename="/home/stavrogin/Documents/TU_Berlin/Group_material/BVD_project/BVD_AB_model/bvd_agent_based_model/include/TableBasedOutput.h">
			<Option target="bvd_agent_based_model"/>
		</Unit>
		<Unit filename="/home/stavrogin/Documents/TU_Berlin/Group_material/BVD_project/BVD_AB_model/bvd_agent_based_model/include/TradeFilter.h">
			<Option target="bvd_agent_based_model"/>
		</Unit>
		<Unit filename="/home/stavrogin/Documents/TU_Berlin/Group_material/BVD_project/BVD_AB_model/bvd_agent_based_model/include/Utilities.h">
			<Option target="bvd_agent_based_model"/>
		</Unit>
		<Unit filename="/home/stavrogin/Documents/TU_Berlin/Group_material/BVD_project/BVD_AB_model/bvd_agent_based_model/projectImports/Catch/catch.hpp">
			<Option target="bvd_agent_based_model"/>
		</Unit>
		<Unit filename="/home/stavrogin/Documents/TU_Berlin/Group_material/BVD_project/BVD_AB_model/bvd_agent_based_model/projectImports/FakeIt/fakeit.hpp">
			<Option target="bvd_agent_based_model"/>
		</Unit>
		<Unit filename="/home/stavrogin/Documents/TU_Berlin/Group_material/BVD_project/BVD_AB_model/bvd_agent_based_model/projectImports/inih/cpp/INIReader.cpp">
			<Option target="bvd_agent_based_model"/>
		</Unit>
		<Unit filename="/home/stavrogin/Documents/TU_Berlin/Group_material/BVD_project/BVD_AB_model/bvd_agent_based_model/projectImports/inih/cpp/INIReader.h">
			<Option target="bvd_agent_based_model"/>
		</Unit>
		<Unit filename="/home/stavrogin/Documents/TU_Berlin/Group_material/BVD_project/BVD_AB_model/bvd_agent_based_model/projectImports/inih/ini.c">
			<Option target="bvd_agent_based_model"/>
		</Unit>
		<Unit filename="/home/stavrogin/Documents/TU_Berlin/Group_material/BVD_project/BVD_AB_model/bvd_agent_based_model/projectImports/inih/ini.h">
			<Option target="bvd_agent_based_model"/>
		</Unit>
		<Unit filename="/home/stavrogin/Documents/TU_Berlin/Group_material/BVD_project/BVD_AB_model/bvd_agent_based_model/src/AdvancedOutput.cpp">
			<Option target="bvd_agent_based_model"/>
		</Unit>
		<Unit filename="/home/stavrogin/Documents/TU_Berlin/Group_material/BVD_project/BVD_AB_model/bvd_agent_based_model/src/BVDContainmentStrategy.cpp">
			<Option target="bvd_agent_based_model"/>
		</Unit>
		<Unit filename="/home/stavrogin/Documents/TU_Berlin/Group_material/BVD_project/BVD_AB_model/bvd_agent_based_model/src/BVDOptions.cpp">
			<Option target="bvd_agent_based_model"/>
		</Unit>
		<Unit filename="/home/stavrogin/Documents/TU_Berlin/Group_material/BVD_project/BVD_AB_model/bvd_agent_based_model/src/BVDSettings.cpp">
			<Option target="bvd_agent_based_model"/>
		</Unit>
		<Unit filename="/home/stavrogin/Documents/TU_Berlin/Group_material/BVD_project/BVD_AB_model/bvd_agent_based_model/src/BVD_Random_Number_Generator.cpp">
			<Option target="bvd_agent_based_model"/>
		</Unit>
		<Unit filename="/home/stavrogin/Documents/TU_Berlin/Group_material/BVD_project/BVD_AB_model/bvd_agent_based_model/src/Breeding_module_parameter_gnu.cpp">
			<Option target="bvd_agent_based_model"/>
		</Unit>
		<Unit filename="/home/stavrogin/Documents/TU_Berlin/Group_material/BVD_project/BVD_AB_model/bvd_agent_based_model/src/CSVFileHandler.cpp">
			<Option target="bvd_agent_based_model"/>
		</Unit>
		<Unit filename="/home/stavrogin/Documents/TU_Berlin/Group_material/BVD_project/BVD_AB_model/bvd_agent_based_model/src/CommandlineOptions.cpp">
			<Option target="bvd_agent_based_model"/>
		</Unit>
		<Unit filename="/home/stavrogin/Documents/TU_Berlin/Group_material/BVD_project/BVD_AB_model/bvd_agent_based_model/src/Cow.cpp">
			<Option target="bvd_agent_based_model"/>
		</Unit>
		<Unit filename="/home/stavrogin/Documents/TU_Berlin/Group_material/BVD_project/BVD_AB_model/bvd_agent_based_model/src/CowWellFarm.cpp">
			<Option target="bvd_agent_based_model"/>
		</Unit>
		<Unit filename="/home/stavrogin/Documents/TU_Berlin/Group_material/BVD_project/BVD_AB_model/bvd_agent_based_model/src/CowWellFarmManager.cpp">
			<Option target="bvd_agent_based_model"/>
		</Unit>
		<Unit filename="/home/stavrogin/Documents/TU_Berlin/Group_material/BVD_project/BVD_AB_model/bvd_agent_based_model/src/Events.cpp">
			<Option target="bvd_agent_based_model"/>
		</Unit>
		<Unit filename="/home/stavrogin/Documents/TU_Berlin/Group_material/BVD_project/BVD_AB_model/bvd_agent_based_model/src/Farm.cpp">
			<Option target="bvd_agent_based_model"/>
		</Unit>
		<Unit filename="/home/stavrogin/Documents/TU_Berlin/Group_material/BVD_project/BVD_AB_model/bvd_agent_based_model/src/FarmManager.cpp">
			<Option target="bvd_agent_based_model"/>
		</Unit>
		<Unit filename="/home/stavrogin/Documents/TU_Berlin/Group_material/BVD_project/BVD_AB_model/bvd_agent_based_model/src/FileHandler.cpp">
			<Option target="bvd_agent_based_model"/>
		</Unit>
		<Unit filename="/home/stavrogin/Documents/TU_Berlin/Group_material/BVD_project/BVD_AB_model/bvd_agent_based_model/src/HDF5Handler.cpp">
			<Option target="bvd_agent_based_model"/>
		</Unit>
		<Unit filename="/home/stavrogin/Documents/TU_Berlin/Group_material/BVD_project/BVD_AB_model/bvd_agent_based_model/src/Herd.cpp">
			<Option target="bvd_agent_based_model"/>
		</Unit>
		<Unit filename="/home/stavrogin/Documents/TU_Berlin/Group_material/BVD_project/BVD_AB_model/bvd_agent_based_model/src/Initializer.cpp">
			<Option target="bvd_agent_based_model"/>
		</Unit>
		<Unit filename="/home/stavrogin/Documents/TU_Berlin/Group_material/BVD_project/BVD_AB_model/bvd_agent_based_model/src/Market.cpp">
			<Option target="bvd_agent_based_model"/>
		</Unit>
		<Unit filename="/home/stavrogin/Documents/TU_Berlin/Group_material/BVD_project/BVD_AB_model/bvd_agent_based_model/src/Output.cpp">
			<Option target="bvd_agent_based_model"/>
		</Unit>
		<Unit filename="/home/stavrogin/Documents/TU_Berlin/Group_material/BVD_project/BVD_AB_model/bvd_agent_based_model/src/OutputTable.cpp">
			<Option target="bvd_agent_based_model"/>
		</Unit>
		<Unit filename="/home/stavrogin/Documents/TU_Berlin/Group_material/BVD_project/BVD_AB_model/bvd_agent_based_model/src/SQLiteHandler.cpp">
			<Option target="bvd_agent_based_model"/>
		</Unit>
		<Unit filename="/home/stavrogin/Documents/TU_Berlin/Group_material/BVD_project/BVD_AB_model/bvd_agent_based_model/src/SimpleFarmManager.cpp">
			<Option target="bvd_agent_based_model"/>
		</Unit>
		<Unit filename="/home/stavrogin/Documents/TU_Berlin/Group_material/BVD_project/BVD_AB_model/bvd_agent_based_model/src/Simple_One_Herd_Farm.cpp">
			<Option target="bvd_agent_based_model"/>
		</Unit>
		<Unit filename="/home/stavrogin/Documents/TU_Berlin/Group_material/BVD_project/BVD_AB_model/bvd_agent_based_model/src/SlaughterHouseManager.cpp">
			<Option target="bvd_agent_based_model"/>
		</Unit>
		<Unit filename="/home/stavrogin/Documents/TU_Berlin/Group_material/BVD_project/BVD_AB_model/bvd_agent_based_model/src/Slaughterhouse.cpp">
			<Option target="bvd_agent_based_model"/>
		</Unit>
		<Unit filename="/home/stavrogin/Documents/TU_Berlin/Group_material/BVD_project/BVD_AB_model/bvd_agent_based_model/src/SmallFarmManager.cpp">
			<Option target="bvd_agent_based_model"/>
		</Unit>
		<Unit filename="/home/stavrogin/Documents/TU_Berlin/Group_material/BVD_project/BVD_AB_model/bvd_agent_based_model/src/Small_One_Herd_Farm.cpp">
			<Option target="bvd_agent_based_model"/>
		</Unit>
		<Unit filename="/home/stavrogin/Documents/TU_Berlin/Group_material/BVD_project/BVD_AB_model/bvd_agent_based_model/src/System.cpp">
			<Option target="bvd_agent_based_model"/>
		</Unit>
		<Unit filename="/home/stavrogin/Documents/TU_Berlin/Group_material/BVD_project/BVD_AB_model/bvd_agent_based_model/src/TableBasedOutput.cpp">
			<Option target="bvd_agent_based_model"/>
		</Unit>
		<Unit filename="/home/stavrogin/Documents/TU_Berlin/Group_material/BVD_project/BVD_AB_model/bvd_agent_based_model/src/TradeFilter.cpp">
			<Option target="bvd_agent_based_model"/>
		</Unit>
		<Unit filename="/home/stavrogin/Documents/TU_Berlin/Group_material/BVD_project/BVD_AB_model/bvd_agent_based_model/src/Utilities.cpp">
			<Option target="bvd_agent_based_model"/>
		</Unit>
		<Unit filename="/home/stavrogin/Documents/TU_Berlin/Group_material/BVD_project/BVD_AB_model/bvd_agent_based_model/src/programm.cpp">
			<Option target="bvd_agent_based_model"/>
		</Unit>
		<Unit filename="/home/stavrogin/Documents/TU_Berlin/Group_material/BVD_project/BVD_AB_model/bvd_agent_based_model/CMakeLists.txt">
			<Option virtualFolder="CMake Files\"/>
		</Unit>
	</Project>
</CodeBlocks_project_file>
